
Microsoft Visual Studio Solution File, Format Version 12.00
# Visual Studio Version 16
VisualStudioVersion = 16.0.31624.102
MinimumVisualStudioVersion = 10.0.40219.1
Project("{FAE04EC0-301F-11D3-BF4B-00C04F79EFBC}") = "BigSchool", "BigSchool\BigSchool.csproj", "{E6AF84F9-A4C0-4FCA-80C6-D9547C9351B7}"
EndProject
Global
	GlobalSection(SolutionConfigurationPlatforms) = preSolution
		Debug|Any CPU = Debug|Any CPU
		Release|Any CPU = Release|Any CPU
	EndGlobalSection
	GlobalSection(ProjectConfigurationPlatforms) = postSolution
		{E6AF84F9-A4C0-4FCA-80C6-D9547C9351B7}.Debug|Any CPU.ActiveCfg = Debug|Any CPU
		{E6AF84F9-A4C0-4FCA-80C6-D9547C9351B7}.Debug|Any CPU.Build.0 = Debug|Any CPU
		{E6AF84F9-A4C0-4FCA-80C6-D9547C9351B7}.Release|Any CPU.ActiveCfg = Release|Any CPU
		{E6AF84F9-A4C0-4FCA-80C6-D9547C9351B7}.Release|Any CPU.Build.0 = Release|Any CPU
	EndGlobalSection
	GlobalSection(SolutionProperties) = preSolution
		HideSolutionNode = FALSE
	EndGlobalSection
	GlobalSection(ExtensibilityGlobals) = postSolution
		SolutionGuid = {1555C3F6-7474-49D0-B002-B8EC6379B5DF}
	EndGlobalSection
EndGlobal
